
Microsoft Visual Studio Solution File, Format Version 12.00
# Visual Studio Version 16
VisualStudioVersion = 16.0.29609.76
MinimumVisualStudioVersion = 10.0.40219.1
Project("{9A19103F-16F7-4668-BE54-9A1E7A4F7556}") = "PowerSecure.Estimator.Services.UnitTest", "PowerSecure.Estimator.Services.UnitTest\PowerSecure.Estimator.Services.UnitTest.csproj", "{E1E08962-B4E4-4768-AF6D-2CBEAA913884}"
EndProject
Project("{9A19103F-16F7-4668-BE54-9A1E7A4F7556}") = "PowerSecure.Estimator.Services.Components", "PowerSecure.Estimator.Services.Components\PowerSecure.Estimator.Services.Components.csproj", "{06102972-FA4E-4685-991A-648F5B3B0776}"
EndProject
Project("{FAE04EC0-301F-11D3-BF4B-00C04F79EFBC}") = "PowerSecure.Estimator.Services.Interfaces", "PowerSecure.Estimator.Services.Interfaces\PowerSecure.Estimator.Services.Interfaces.csproj", "{A013C1B8-8A58-4F7B-B3F6-E231E4891D54}"
EndProject
Global
	GlobalSection(SolutionConfigurationPlatforms) = preSolution
		Debug|Any CPU = Debug|Any CPU
		Release|Any CPU = Release|Any CPU
	EndGlobalSection
	GlobalSection(ProjectConfigurationPlatforms) = postSolution
		{E1E08962-B4E4-4768-AF6D-2CBEAA913884}.Debug|Any CPU.ActiveCfg = Debug|Any CPU
		{E1E08962-B4E4-4768-AF6D-2CBEAA913884}.Debug|Any CPU.Build.0 = Debug|Any CPU
		{E1E08962-B4E4-4768-AF6D-2CBEAA913884}.Release|Any CPU.ActiveCfg = Release|Any CPU
		{E1E08962-B4E4-4768-AF6D-2CBEAA913884}.Release|Any CPU.Build.0 = Release|Any CPU
		{06102972-FA4E-4685-991A-648F5B3B0776}.Debug|Any CPU.ActiveCfg = Debug|Any CPU
		{06102972-FA4E-4685-991A-648F5B3B0776}.Debug|Any CPU.Build.0 = Debug|Any CPU
		{06102972-FA4E-4685-991A-648F5B3B0776}.Release|Any CPU.ActiveCfg = Release|Any CPU
		{06102972-FA4E-4685-991A-648F5B3B0776}.Release|Any CPU.Build.0 = Release|Any CPU
		{A013C1B8-8A58-4F7B-B3F6-E231E4891D54}.Debug|Any CPU.ActiveCfg = Debug|Any CPU
		{A013C1B8-8A58-4F7B-B3F6-E231E4891D54}.Debug|Any CPU.Build.0 = Debug|Any CPU
		{A013C1B8-8A58-4F7B-B3F6-E231E4891D54}.Release|Any CPU.ActiveCfg = Release|Any CPU
		{A013C1B8-8A58-4F7B-B3F6-E231E4891D54}.Release|Any CPU.Build.0 = Release|Any CPU
	EndGlobalSection
	GlobalSection(SolutionProperties) = preSolution
		HideSolutionNode = FALSE
	EndGlobalSection
	GlobalSection(ExtensibilityGlobals) = postSolution
		SolutionGuid = {DC85B1D1-A168-4C8A-80DC-6062C2654ECF}
	EndGlobalSection
EndGlobal
